
Microsoft Visual Studio Solution File, Format Version 10.00
# Visual Studio 2008
Project("{8BC9CEB8-8B4A-11D0-8D11-00A0C91BC942}") = "Numere", "Numere.vcproj", "{E516DC2B-E350-42DF-9864-AC41BEC3E114}"
EndProject
Global
	GlobalSection(SolutionConfigurationPlatforms) = preSolution
		Debug|Win32 = Debug|Win32
		Release|Win32 = Release|Win32
	EndGlobalSection
	GlobalSection(ProjectConfigurationPlatforms) = postSolution
		{E516DC2B-E350-42DF-9864-AC41BEC3E114}.Debug|Win32.ActiveCfg = Debug|Win32
		{E516DC2B-E350-42DF-9864-AC41BEC3E114}.Debug|Win32.Build.0 = Debug|Win32
		{E516DC2B-E350-42DF-9864-AC41BEC3E114}.Release|Win32.ActiveCfg = Release|Win32
		{E516DC2B-E350-42DF-9864-AC41BEC3E114}.Release|Win32.Build.0 = Release|Win32
	EndGlobalSection
	GlobalSection(SolutionProperties) = preSolution
		HideSolutionNode = FALSE
	EndGlobalSection
EndGlobal
